
Microsoft Visual Studio Solution File, Format Version 12.00
# Visual Studio Version 17
VisualStudioVersion = 17.0.31912.275
MinimumVisualStudioVersion = 10.0.40219.1
Project("{FAE04EC0-301F-11D3-BF4B-00C04F79EFBC}") = "AWESOME_Calculator", "AWESOME_Calculator.csproj", "{215CBB7A-E911-4215-936C-B3C1881E27E1}"
EndProject
Global
	GlobalSection(SolutionConfigurationPlatforms) = preSolution
		Debug|Any CPU = Debug|Any CPU
		Release|Any CPU = Release|Any CPU
	EndGlobalSection
	GlobalSection(ProjectConfigurationPlatforms) = postSolution
		{215CBB7A-E911-4215-936C-B3C1881E27E1}.Debug|Any CPU.ActiveCfg = Debug|Any CPU
		{215CBB7A-E911-4215-936C-B3C1881E27E1}.Debug|Any CPU.Build.0 = Debug|Any CPU
		{215CBB7A-E911-4215-936C-B3C1881E27E1}.Release|Any CPU.ActiveCfg = Release|Any CPU
		{215CBB7A-E911-4215-936C-B3C1881E27E1}.Release|Any CPU.Build.0 = Release|Any CPU
	EndGlobalSection
	GlobalSection(SolutionProperties) = preSolution
		HideSolutionNode = FALSE
	EndGlobalSection
	GlobalSection(ExtensibilityGlobals) = postSolution
		SolutionGuid = {4EE44213-754A-4FBE-9F15-549C6F84BF67}
	EndGlobalSection
EndGlobal
